// !$*UTF8*$!
{
	archiveVersion = 1;
	classes = {
	};
	objectVersion = 55;
	objects = {

/* Begin PBXBuildFile section */
		6F41AAF727BEA1BE00649DC6 /* Ingredient.swift in Sources */ = {isa = PBXBuildFile; fileRef = 6F41AAF627BEA1BE00649DC6 /* Ingredient.swift */; };
		6F41AAF927BEE10800649DC6 /* APIHelper.swift in Sources */ = {isa = PBXBuildFile; fileRef = 6F41AAF827BEE10800649DC6 /* APIHelper.swift */; };
		6F41AB1927C4C4BF00649DC6 /* IngredientViewModel.swift in Sources */ = {isa = PBXBuildFile; fileRef = 6F41AB1827C4C4BF00649DC6 /* IngredientViewModel.swift */; };
		6F41AB1B27C4C56A00649DC6 /* IngredientViewDelegate.swift in Sources */ = {isa = PBXBuildFile; fileRef = 6F41AB1A27C4C56A00649DC6 /* IngredientViewDelegate.swift */; };
		6F41AB1D27C4C5E300649DC6 /* IngredientIntent.swift in Sources */ = {isa = PBXBuildFile; fileRef = 6F41AB1C27C4C5E300649DC6 /* IngredientIntent.swift */; };
		6F41AB1F27C4C68F00649DC6 /* IngredientsIntent.swift in Sources */ = {isa = PBXBuildFile; fileRef = 6F41AB1E27C4C68F00649DC6 /* IngredientsIntent.swift */; };
		6F41AB2127C4C6F000649DC6 /* IngredientListViewModel.swift in Sources */ = {isa = PBXBuildFile; fileRef = 6F41AB2027C4C6F000649DC6 /* IngredientListViewModel.swift */; };
		6F41AB2327C4C9D600649DC6 /* IngredientView.swift in Sources */ = {isa = PBXBuildFile; fileRef = 6F41AB2227C4C9D600649DC6 /* IngredientView.swift */; };
		6F41AB2527C4CC4800649DC6 /* Sheet.swift in Sources */ = {isa = PBXBuildFile; fileRef = 6F41AB2427C4CC4800649DC6 /* Sheet.swift */; };
		6F41AB2727C4D10400649DC6 /* SheetIncompleteViewModel.swift in Sources */ = {isa = PBXBuildFile; fileRef = 6F41AB2627C4D10400649DC6 /* SheetIncompleteViewModel.swift */; };
		6F41AB2927C4D14400649DC6 /* SheetIntent.swift in Sources */ = {isa = PBXBuildFile; fileRef = 6F41AB2827C4D14400649DC6 /* SheetIntent.swift */; };
		6F41AB2B27C4D1E000649DC6 /* SheetIncompleteViewModelDelegate.swift in Sources */ = {isa = PBXBuildFile; fileRef = 6F41AB2A27C4D1E000649DC6 /* SheetIncompleteViewModelDelegate.swift */; };
		6F41AB2D27C4D26C00649DC6 /* SheetIncompleteListViewModel.swift in Sources */ = {isa = PBXBuildFile; fileRef = 6F41AB2C27C4D26C00649DC6 /* SheetIncompleteListViewModel.swift */; };
		6F41AB2F27C4D3CE00649DC6 /* SheetListViewIntent.swift in Sources */ = {isa = PBXBuildFile; fileRef = 6F41AB2E27C4D3CE00649DC6 /* SheetListViewIntent.swift */; };
		6F41AB3127C4E1B300649DC6 /* SheetDetailIncompleteView.swift in Sources */ = {isa = PBXBuildFile; fileRef = 6F41AB3027C4E1B300649DC6 /* SheetDetailIncompleteView.swift */; };
		6F41AB3327C50C1E00649DC6 /* SheetCompleteListViewModel.swift in Sources */ = {isa = PBXBuildFile; fileRef = 6F41AB3227C50C1E00649DC6 /* SheetCompleteListViewModel.swift */; };
		6F41AB3527C50C3800649DC6 /* SheetComplete.swift in Sources */ = {isa = PBXBuildFile; fileRef = 6F41AB3427C50C3800649DC6 /* SheetComplete.swift */; };
		6F41AB3727C50D1000649DC6 /* SheetCompleteViewModel.swift in Sources */ = {isa = PBXBuildFile; fileRef = 6F41AB3627C50D1000649DC6 /* SheetCompleteViewModel.swift */; };
		6F41AB3927C50E1A00649DC6 /* SheetCompleteIntent.swift in Sources */ = {isa = PBXBuildFile; fileRef = 6F41AB3827C50E1A00649DC6 /* SheetCompleteIntent.swift */; };
		6F41AB3B27C50E8200649DC6 /* SheetCompleteViewModelDelegate.swift in Sources */ = {isa = PBXBuildFile; fileRef = 6F41AB3A27C50E8200649DC6 /* SheetCompleteViewModelDelegate.swift */; };
		6F41AB3F27C50FAD00649DC6 /* SheetCompleteListViewIntent.swift in Sources */ = {isa = PBXBuildFile; fileRef = 6F41AB3E27C50FAD00649DC6 /* SheetCompleteListViewIntent.swift */; };
		6F41AB4127C512C700649DC6 /* SheetCompleteDetailView.swift in Sources */ = {isa = PBXBuildFile; fileRef = 6F41AB4027C512C700649DC6 /* SheetCompleteDetailView.swift */; };
		6F41AB4327C5172300649DC6 /* CreateSheetView.swift in Sources */ = {isa = PBXBuildFile; fileRef = 6F41AB4227C5172300649DC6 /* CreateSheetView.swift */; };
		6F41AB4527C520FC00649DC6 /* CreateIngredientView.swift in Sources */ = {isa = PBXBuildFile; fileRef = 6F41AB4427C520FC00649DC6 /* CreateIngredientView.swift */; };
		6F41AB4927C524BE00649DC6 /* StepProgression.swift in Sources */ = {isa = PBXBuildFile; fileRef = 6F41AB4827C524BE00649DC6 /* StepProgression.swift */; };
		6F41AB4B27C5273500649DC6 /* StepProgressionViewModel.swift in Sources */ = {isa = PBXBuildFile; fileRef = 6F41AB4A27C5273500649DC6 /* StepProgressionViewModel.swift */; };
		6F41AB4D27C5297300649DC6 /* StepProgressionListIntent.swift in Sources */ = {isa = PBXBuildFile; fileRef = 6F41AB4C27C5297300649DC6 /* StepProgressionListIntent.swift */; };
		6F41AB4F27C52A0500649DC6 /* StepProgressionListViewModel.swift in Sources */ = {isa = PBXBuildFile; fileRef = 6F41AB4E27C52A0500649DC6 /* StepProgressionListViewModel.swift */; };
		6F41AB5127C6340800649DC6 /* SheetIncompleteListView.swift in Sources */ = {isa = PBXBuildFile; fileRef = 6F41AB5027C6340800649DC6 /* SheetIncompleteListView.swift */; };
		6F41AB5427C640D700649DC6 /* SheetDAO.swift in Sources */ = {isa = PBXBuildFile; fileRef = 6F41AB5327C640D700649DC6 /* SheetDAO.swift */; };
		6F41AB5A27C87C4100649DC6 /* CreateProgressionView.swift in Sources */ = {isa = PBXBuildFile; fileRef = 6F41AB5927C87C4100649DC6 /* CreateProgressionView.swift */; };
		6F41AB5C27C9485600649DC6 /* IngredientProgression.swift in Sources */ = {isa = PBXBuildFile; fileRef = 6F41AB5B27C9485600649DC6 /* IngredientProgression.swift */; };
		6F41AB5E27C94AC900649DC6 /* IngredientsProgressionListViewModel.swift in Sources */ = {isa = PBXBuildFile; fileRef = 6F41AB5D27C94AC900649DC6 /* IngredientsProgressionListViewModel.swift */; };
		6F41AB6027C94AF600649DC6 /* IngredientProgressionViewModel.swift in Sources */ = {isa = PBXBuildFile; fileRef = 6F41AB5F27C94AF600649DC6 /* IngredientProgressionViewModel.swift */; };
		6F41AB6227C94B7E00649DC6 /* IngredientProgressionIntent.swift in Sources */ = {isa = PBXBuildFile; fileRef = 6F41AB6127C94B7E00649DC6 /* IngredientProgressionIntent.swift */; };
		6F41AB6427C94D4E00649DC6 /* IngredientProgressionViewModelDelegate.swift in Sources */ = {isa = PBXBuildFile; fileRef = 6F41AB6327C94D4E00649DC6 /* IngredientProgressionViewModelDelegate.swift */; };
		6F41AB6727C952C500649DC6 /* IngredientListProgressionIntent.swift in Sources */ = {isa = PBXBuildFile; fileRef = 6F41AB6627C952C500649DC6 /* IngredientListProgressionIntent.swift */; };
		6F41AB6927CBED9600649DC6 /* PDFHelper.swift in Sources */ = {isa = PBXBuildFile; fileRef = 6F41AB6827CBED9600649DC6 /* PDFHelper.swift */; };
		6F41AB6B27CC5FBB00649DC6 /* EtiquetteSansVenteView.swift in Sources */ = {isa = PBXBuildFile; fileRef = 6F41AB6A27CC5FBB00649DC6 /* EtiquetteSansVenteView.swift */; };
		6F41AB6D27CC608D00649DC6 /* CalculCoutsIView.swift in Sources */ = {isa = PBXBuildFile; fileRef = 6F41AB6C27CC608D00649DC6 /* CalculCoutsIView.swift */; };
		6F41AB6F27CC6B2C00649DC6 /* ProgressionIntent.swift in Sources */ = {isa = PBXBuildFile; fileRef = 6F41AB6E27CC6B2C00649DC6 /* ProgressionIntent.swift */; };
		6F41AB7127CC6BAB00649DC6 /* ProgressionViewModel.swift in Sources */ = {isa = PBXBuildFile; fileRef = 6F41AB7027CC6BAB00649DC6 /* ProgressionViewModel.swift */; };
		6F41AB7527CC743E00649DC6 /* ProgressionDAO.swift in Sources */ = {isa = PBXBuildFile; fileRef = 6F41AB7427CC743E00649DC6 /* ProgressionDAO.swift */; };
		6F41AB7727CD56CA00649DC6 /* StepDAO.swift in Sources */ = {isa = PBXBuildFile; fileRef = 6F41AB7627CD56CA00649DC6 /* StepDAO.swift */; };
		6F41AB7927CD677700649DC6 /* Progression.swift in Sources */ = {isa = PBXBuildFile; fileRef = 6F41AB7827CD677700649DC6 /* Progression.swift */; };
		6F41AB7B27CD6BE400649DC6 /* ProgressionListViewModel.swift in Sources */ = {isa = PBXBuildFile; fileRef = 6F41AB7A27CD6BE400649DC6 /* ProgressionListViewModel.swift */; };
		6F41AB7D27CD94FC00649DC6 /* SearchBar.swift in Sources */ = {isa = PBXBuildFile; fileRef = 6F41AB7C27CD94FC00649DC6 /* SearchBar.swift */; };
		6F41AB7F27CEA00E00649DC6 /* CreateIngredientsListView.swift in Sources */ = {isa = PBXBuildFile; fileRef = 6F41AB7E27CEA00E00649DC6 /* CreateIngredientsListView.swift */; };
		6F41AB8127CEAC8600649DC6 /* IngredientsListStepDAO.swift in Sources */ = {isa = PBXBuildFile; fileRef = 6F41AB8027CEAC8600649DC6 /* IngredientsListStepDAO.swift */; };
		6F41AB8327CEB45400649DC6 /* FinishSheetCreationView.swift in Sources */ = {isa = PBXBuildFile; fileRef = 6F41AB8227CEB45400649DC6 /* FinishSheetCreationView.swift */; };
		6F4E00B427BB13C200BA78AC /* HomeView.swift in Sources */ = {isa = PBXBuildFile; fileRef = 6F4E00B327BB13C200BA78AC /* HomeView.swift */; };
		6F4E00B627BB15F700BA78AC /* SheetView.swift in Sources */ = {isa = PBXBuildFile; fileRef = 6F4E00B527BB15F700BA78AC /* SheetView.swift */; };
		6F4E00B827BB165600BA78AC /* MercurialView.swift in Sources */ = {isa = PBXBuildFile; fileRef = 6F4E00B727BB165600BA78AC /* MercurialView.swift */; };
		6FCF6DAF27BABB9E00369461 /* DevMobile_iOS_2022App.swift in Sources */ = {isa = PBXBuildFile; fileRef = 6FCF6DAE27BABB9E00369461 /* DevMobile_iOS_2022App.swift */; };
		6FCF6DB127BABB9E00369461 /* ContentView.swift in Sources */ = {isa = PBXBuildFile; fileRef = 6FCF6DB027BABB9E00369461 /* ContentView.swift */; };
		6FCF6DB327BABB9F00369461 /* Assets.xcassets in Resources */ = {isa = PBXBuildFile; fileRef = 6FCF6DB227BABB9F00369461 /* Assets.xcassets */; };
		6FCF6DB627BABB9F00369461 /* Preview Assets.xcassets in Resources */ = {isa = PBXBuildFile; fileRef = 6FCF6DB527BABB9F00369461 /* Preview Assets.xcassets */; };
		6FCF6DC027BABB9F00369461 /* DevMobile_iOS_2022Tests.swift in Sources */ = {isa = PBXBuildFile; fileRef = 6FCF6DBF27BABB9F00369461 /* DevMobile_iOS_2022Tests.swift */; };
		6FCF6DCA27BABB9F00369461 /* DevMobile_iOS_2022UITests.swift in Sources */ = {isa = PBXBuildFile; fileRef = 6FCF6DC927BABB9F00369461 /* DevMobile_iOS_2022UITests.swift */; };
		6FCF6DCC27BABB9F00369461 /* DevMobile_iOS_2022UITestsLaunchTests.swift in Sources */ = {isa = PBXBuildFile; fileRef = 6FCF6DCB27BABB9F00369461 /* DevMobile_iOS_2022UITestsLaunchTests.swift */; };
/* End PBXBuildFile section */

/* Begin PBXContainerItemProxy section */
		6FCF6DBC27BABB9F00369461 /* PBXContainerItemProxy */ = {
			isa = PBXContainerItemProxy;
			containerPortal = 6FCF6DA327BABB9E00369461 /* Project object */;
			proxyType = 1;
			remoteGlobalIDString = 6FCF6DAA27BABB9E00369461;
			remoteInfo = "DevMobile-iOS-2022";
		};
		6FCF6DC627BABB9F00369461 /* PBXContainerItemProxy */ = {
			isa = PBXContainerItemProxy;
			containerPortal = 6FCF6DA327BABB9E00369461 /* Project object */;
			proxyType = 1;
			remoteGlobalIDString = 6FCF6DAA27BABB9E00369461;
			remoteInfo = "DevMobile-iOS-2022";
		};
/* End PBXContainerItemProxy section */

/* Begin PBXFileReference section */
		6F41AAF627BEA1BE00649DC6 /* Ingredient.swift */ = {isa = PBXFileReference; lastKnownFileType = sourcecode.swift; path = Ingredient.swift; sourceTree = "<group>"; };
		6F41AAF827BEE10800649DC6 /* APIHelper.swift */ = {isa = PBXFileReference; lastKnownFileType = sourcecode.swift; path = APIHelper.swift; sourceTree = "<group>"; };
		6F41AB1827C4C4BF00649DC6 /* IngredientViewModel.swift */ = {isa = PBXFileReference; lastKnownFileType = sourcecode.swift; path = IngredientViewModel.swift; sourceTree = "<group>"; };
		6F41AB1A27C4C56A00649DC6 /* IngredientViewDelegate.swift */ = {isa = PBXFileReference; lastKnownFileType = sourcecode.swift; path = IngredientViewDelegate.swift; sourceTree = "<group>"; };
		6F41AB1C27C4C5E300649DC6 /* IngredientIntent.swift */ = {isa = PBXFileReference; lastKnownFileType = sourcecode.swift; path = IngredientIntent.swift; sourceTree = "<group>"; };
		6F41AB1E27C4C68F00649DC6 /* IngredientsIntent.swift */ = {isa = PBXFileReference; lastKnownFileType = sourcecode.swift; path = IngredientsIntent.swift; sourceTree = "<group>"; };
		6F41AB2027C4C6F000649DC6 /* IngredientListViewModel.swift */ = {isa = PBXFileReference; lastKnownFileType = sourcecode.swift; path = IngredientListViewModel.swift; sourceTree = "<group>"; };
		6F41AB2227C4C9D600649DC6 /* IngredientView.swift */ = {isa = PBXFileReference; lastKnownFileType = sourcecode.swift; path = IngredientView.swift; sourceTree = "<group>"; };
		6F41AB2427C4CC4800649DC6 /* Sheet.swift */ = {isa = PBXFileReference; lastKnownFileType = sourcecode.swift; path = Sheet.swift; sourceTree = "<group>"; };
		6F41AB2627C4D10400649DC6 /* SheetIncompleteViewModel.swift */ = {isa = PBXFileReference; lastKnownFileType = sourcecode.swift; path = SheetIncompleteViewModel.swift; sourceTree = "<group>"; };
		6F41AB2827C4D14400649DC6 /* SheetIntent.swift */ = {isa = PBXFileReference; lastKnownFileType = sourcecode.swift; path = SheetIntent.swift; sourceTree = "<group>"; };
		6F41AB2A27C4D1E000649DC6 /* SheetIncompleteViewModelDelegate.swift */ = {isa = PBXFileReference; lastKnownFileType = sourcecode.swift; path = SheetIncompleteViewModelDelegate.swift; sourceTree = "<group>"; };
		6F41AB2C27C4D26C00649DC6 /* SheetIncompleteListViewModel.swift */ = {isa = PBXFileReference; lastKnownFileType = sourcecode.swift; path = SheetIncompleteListViewModel.swift; sourceTree = "<group>"; };
		6F41AB2E27C4D3CE00649DC6 /* SheetListViewIntent.swift */ = {isa = PBXFileReference; lastKnownFileType = sourcecode.swift; path = SheetListViewIntent.swift; sourceTree = "<group>"; };
		6F41AB3027C4E1B300649DC6 /* SheetDetailIncompleteView.swift */ = {isa = PBXFileReference; lastKnownFileType = sourcecode.swift; path = SheetDetailIncompleteView.swift; sourceTree = "<group>"; };
		6F41AB3227C50C1E00649DC6 /* SheetCompleteListViewModel.swift */ = {isa = PBXFileReference; lastKnownFileType = sourcecode.swift; path = SheetCompleteListViewModel.swift; sourceTree = "<group>"; };
		6F41AB3427C50C3800649DC6 /* SheetComplete.swift */ = {isa = PBXFileReference; lastKnownFileType = sourcecode.swift; path = SheetComplete.swift; sourceTree = "<group>"; };
		6F41AB3627C50D1000649DC6 /* SheetCompleteViewModel.swift */ = {isa = PBXFileReference; lastKnownFileType = sourcecode.swift; path = SheetCompleteViewModel.swift; sourceTree = "<group>"; };
		6F41AB3827C50E1A00649DC6 /* SheetCompleteIntent.swift */ = {isa = PBXFileReference; lastKnownFileType = sourcecode.swift; path = SheetCompleteIntent.swift; sourceTree = "<group>"; };
		6F41AB3A27C50E8200649DC6 /* SheetCompleteViewModelDelegate.swift */ = {isa = PBXFileReference; lastKnownFileType = sourcecode.swift; path = SheetCompleteViewModelDelegate.swift; sourceTree = "<group>"; };
		6F41AB3E27C50FAD00649DC6 /* SheetCompleteListViewIntent.swift */ = {isa = PBXFileReference; lastKnownFileType = sourcecode.swift; path = SheetCompleteListViewIntent.swift; sourceTree = "<group>"; };
		6F41AB4027C512C700649DC6 /* SheetCompleteDetailView.swift */ = {isa = PBXFileReference; lastKnownFileType = sourcecode.swift; path = SheetCompleteDetailView.swift; sourceTree = "<group>"; };
		6F41AB4227C5172300649DC6 /* CreateSheetView.swift */ = {isa = PBXFileReference; lastKnownFileType = sourcecode.swift; path = CreateSheetView.swift; sourceTree = "<group>"; };
		6F41AB4427C520FC00649DC6 /* CreateIngredientView.swift */ = {isa = PBXFileReference; lastKnownFileType = sourcecode.swift; path = CreateIngredientView.swift; sourceTree = "<group>"; };
		6F41AB4827C524BE00649DC6 /* StepProgression.swift */ = {isa = PBXFileReference; lastKnownFileType = sourcecode.swift; path = StepProgression.swift; sourceTree = "<group>"; };
		6F41AB4A27C5273500649DC6 /* StepProgressionViewModel.swift */ = {isa = PBXFileReference; lastKnownFileType = sourcecode.swift; path = StepProgressionViewModel.swift; sourceTree = "<group>"; };
		6F41AB4C27C5297300649DC6 /* StepProgressionListIntent.swift */ = {isa = PBXFileReference; lastKnownFileType = sourcecode.swift; path = StepProgressionListIntent.swift; sourceTree = "<group>"; };
		6F41AB4E27C52A0500649DC6 /* StepProgressionListViewModel.swift */ = {isa = PBXFileReference; lastKnownFileType = sourcecode.swift; path = StepProgressionListViewModel.swift; sourceTree = "<group>"; };
		6F41AB5027C6340800649DC6 /* SheetIncompleteListView.swift */ = {isa = PBXFileReference; lastKnownFileType = sourcecode.swift; path = SheetIncompleteListView.swift; sourceTree = "<group>"; };
		6F41AB5327C640D700649DC6 /* SheetDAO.swift */ = {isa = PBXFileReference; lastKnownFileType = sourcecode.swift; path = SheetDAO.swift; sourceTree = "<group>"; };
		6F41AB5927C87C4100649DC6 /* CreateProgressionView.swift */ = {isa = PBXFileReference; lastKnownFileType = sourcecode.swift; path = CreateProgressionView.swift; sourceTree = "<group>"; };
		6F41AB5B27C9485600649DC6 /* IngredientProgression.swift */ = {isa = PBXFileReference; lastKnownFileType = sourcecode.swift; path = IngredientProgression.swift; sourceTree = "<group>"; };
		6F41AB5D27C94AC900649DC6 /* IngredientsProgressionListViewModel.swift */ = {isa = PBXFileReference; lastKnownFileType = sourcecode.swift; path = IngredientsProgressionListViewModel.swift; sourceTree = "<group>"; };
		6F41AB5F27C94AF600649DC6 /* IngredientProgressionViewModel.swift */ = {isa = PBXFileReference; lastKnownFileType = sourcecode.swift; path = IngredientProgressionViewModel.swift; sourceTree = "<group>"; };
		6F41AB6127C94B7E00649DC6 /* IngredientProgressionIntent.swift */ = {isa = PBXFileReference; lastKnownFileType = sourcecode.swift; path = IngredientProgressionIntent.swift; sourceTree = "<group>"; };
		6F41AB6327C94D4E00649DC6 /* IngredientProgressionViewModelDelegate.swift */ = {isa = PBXFileReference; lastKnownFileType = sourcecode.swift; path = IngredientProgressionViewModelDelegate.swift; sourceTree = "<group>"; };
		6F41AB6627C952C500649DC6 /* IngredientListProgressionIntent.swift */ = {isa = PBXFileReference; lastKnownFileType = sourcecode.swift; path = IngredientListProgressionIntent.swift; sourceTree = "<group>"; };
		6F41AB6827CBED9600649DC6 /* PDFHelper.swift */ = {isa = PBXFileReference; lastKnownFileType = sourcecode.swift; path = PDFHelper.swift; sourceTree = "<group>"; };
		6F41AB6A27CC5FBB00649DC6 /* EtiquetteSansVenteView.swift */ = {isa = PBXFileReference; lastKnownFileType = sourcecode.swift; path = EtiquetteSansVenteView.swift; sourceTree = "<group>"; };
		6F41AB6C27CC608D00649DC6 /* CalculCoutsIView.swift */ = {isa = PBXFileReference; lastKnownFileType = sourcecode.swift; path = CalculCoutsIView.swift; sourceTree = "<group>"; };
		6F41AB6E27CC6B2C00649DC6 /* ProgressionIntent.swift */ = {isa = PBXFileReference; lastKnownFileType = sourcecode.swift; path = ProgressionIntent.swift; sourceTree = "<group>"; };
		6F41AB7027CC6BAB00649DC6 /* ProgressionViewModel.swift */ = {isa = PBXFileReference; lastKnownFileType = sourcecode.swift; path = ProgressionViewModel.swift; sourceTree = "<group>"; };
		6F41AB7427CC743E00649DC6 /* ProgressionDAO.swift */ = {isa = PBXFileReference; lastKnownFileType = sourcecode.swift; path = ProgressionDAO.swift; sourceTree = "<group>"; };
		6F41AB7627CD56CA00649DC6 /* StepDAO.swift */ = {isa = PBXFileReference; lastKnownFileType = sourcecode.swift; path = StepDAO.swift; sourceTree = "<group>"; };
		6F41AB7827CD677700649DC6 /* Progression.swift */ = {isa = PBXFileReference; lastKnownFileType = sourcecode.swift; path = Progression.swift; sourceTree = "<group>"; };
		6F41AB7A27CD6BE400649DC6 /* ProgressionListViewModel.swift */ = {isa = PBXFileReference; lastKnownFileType = sourcecode.swift; path = ProgressionListViewModel.swift; sourceTree = "<group>"; };
		6F41AB7C27CD94FC00649DC6 /* SearchBar.swift */ = {isa = PBXFileReference; lastKnownFileType = sourcecode.swift; path = SearchBar.swift; sourceTree = "<group>"; };
		6F41AB7E27CEA00E00649DC6 /* CreateIngredientsListView.swift */ = {isa = PBXFileReference; lastKnownFileType = sourcecode.swift; path = CreateIngredientsListView.swift; sourceTree = "<group>"; };
		6F41AB8027CEAC8600649DC6 /* IngredientsListStepDAO.swift */ = {isa = PBXFileReference; lastKnownFileType = sourcecode.swift; path = IngredientsListStepDAO.swift; sourceTree = "<group>"; };
		6F41AB8227CEB45400649DC6 /* FinishSheetCreationView.swift */ = {isa = PBXFileReference; lastKnownFileType = sourcecode.swift; path = FinishSheetCreationView.swift; sourceTree = "<group>"; };
		6F4E00B327BB13C200BA78AC /* HomeView.swift */ = {isa = PBXFileReference; lastKnownFileType = sourcecode.swift; path = HomeView.swift; sourceTree = "<group>"; };
		6F4E00B527BB15F700BA78AC /* SheetView.swift */ = {isa = PBXFileReference; lastKnownFileType = sourcecode.swift; path = SheetView.swift; sourceTree = "<group>"; };
		6F4E00B727BB165600BA78AC /* MercurialView.swift */ = {isa = PBXFileReference; lastKnownFileType = sourcecode.swift; path = MercurialView.swift; sourceTree = "<group>"; };
		6FCF6DAB27BABB9E00369461 /* DevMobile-iOS-2022.app */ = {isa = PBXFileReference; explicitFileType = wrapper.application; includeInIndex = 0; path = "DevMobile-iOS-2022.app"; sourceTree = BUILT_PRODUCTS_DIR; };
		6FCF6DAE27BABB9E00369461 /* DevMobile_iOS_2022App.swift */ = {isa = PBXFileReference; lastKnownFileType = sourcecode.swift; path = DevMobile_iOS_2022App.swift; sourceTree = "<group>"; };
		6FCF6DB027BABB9E00369461 /* ContentView.swift */ = {isa = PBXFileReference; lastKnownFileType = sourcecode.swift; path = ContentView.swift; sourceTree = "<group>"; };
		6FCF6DB227BABB9F00369461 /* Assets.xcassets */ = {isa = PBXFileReference; lastKnownFileType = folder.assetcatalog; path = Assets.xcassets; sourceTree = "<group>"; };
		6FCF6DB527BABB9F00369461 /* Preview Assets.xcassets */ = {isa = PBXFileReference; lastKnownFileType = folder.assetcatalog; path = "Preview Assets.xcassets"; sourceTree = "<group>"; };
		6FCF6DBB27BABB9F00369461 /* DevMobile-iOS-2022Tests.xctest */ = {isa = PBXFileReference; explicitFileType = wrapper.cfbundle; includeInIndex = 0; path = "DevMobile-iOS-2022Tests.xctest"; sourceTree = BUILT_PRODUCTS_DIR; };
		6FCF6DBF27BABB9F00369461 /* DevMobile_iOS_2022Tests.swift */ = {isa = PBXFileReference; lastKnownFileType = sourcecode.swift; path = DevMobile_iOS_2022Tests.swift; sourceTree = "<group>"; };
		6FCF6DC527BABB9F00369461 /* DevMobile-iOS-2022UITests.xctest */ = {isa = PBXFileReference; explicitFileType = wrapper.cfbundle; includeInIndex = 0; path = "DevMobile-iOS-2022UITests.xctest"; sourceTree = BUILT_PRODUCTS_DIR; };
		6FCF6DC927BABB9F00369461 /* DevMobile_iOS_2022UITests.swift */ = {isa = PBXFileReference; lastKnownFileType = sourcecode.swift; path = DevMobile_iOS_2022UITests.swift; sourceTree = "<group>"; };
		6FCF6DCB27BABB9F00369461 /* DevMobile_iOS_2022UITestsLaunchTests.swift */ = {isa = PBXFileReference; lastKnownFileType = sourcecode.swift; path = DevMobile_iOS_2022UITestsLaunchTests.swift; sourceTree = "<group>"; };
/* End PBXFileReference section */

/* Begin PBXFrameworksBuildPhase section */
		6FCF6DA827BABB9E00369461 /* Frameworks */ = {
			isa = PBXFrameworksBuildPhase;
			buildActionMask = 2147483647;
			files = (
			);
			runOnlyForDeploymentPostprocessing = 0;
		};
		6FCF6DB827BABB9F00369461 /* Frameworks */ = {
			isa = PBXFrameworksBuildPhase;
			buildActionMask = 2147483647;
			files = (
			);
			runOnlyForDeploymentPostprocessing = 0;
		};
		6FCF6DC227BABB9F00369461 /* Frameworks */ = {
			isa = PBXFrameworksBuildPhase;
			buildActionMask = 2147483647;
			files = (
			);
			runOnlyForDeploymentPostprocessing = 0;
		};
/* End PBXFrameworksBuildPhase section */

/* Begin PBXGroup section */
		6F41AAF327BEA18100649DC6 /* Helper */ = {
			isa = PBXGroup;
			children = (
				6F41AAF827BEE10800649DC6 /* APIHelper.swift */,
				6F41AB6827CBED9600649DC6 /* PDFHelper.swift */,
			);
			path = Helper;
			sourceTree = "<group>";
		};
		6F41AB5227C640BE00649DC6 /* DAO */ = {
			isa = PBXGroup;
			children = (
				6F41AB5327C640D700649DC6 /* SheetDAO.swift */,
				6F41AB7427CC743E00649DC6 /* ProgressionDAO.swift */,
				6F41AB7627CD56CA00649DC6 /* StepDAO.swift */,
				6F41AB8027CEAC8600649DC6 /* IngredientsListStepDAO.swift */,
			);
			path = DAO;
			sourceTree = "<group>";
		};
		6FCF6DA227BABB9E00369461 = {
			isa = PBXGroup;
			children = (
				6FCF6DAD27BABB9E00369461 /* DevMobile-iOS-2022 */,
				6FCF6DBE27BABB9F00369461 /* DevMobile-iOS-2022Tests */,
				6FCF6DC827BABB9F00369461 /* DevMobile-iOS-2022UITests */,
				6FCF6DAC27BABB9E00369461 /* Products */,
			);
			sourceTree = "<group>";
		};
		6FCF6DAC27BABB9E00369461 /* Products */ = {
			isa = PBXGroup;
			children = (
				6FCF6DAB27BABB9E00369461 /* DevMobile-iOS-2022.app */,
				6FCF6DBB27BABB9F00369461 /* DevMobile-iOS-2022Tests.xctest */,
				6FCF6DC527BABB9F00369461 /* DevMobile-iOS-2022UITests.xctest */,
			);
			name = Products;
			sourceTree = "<group>";
		};
		6FCF6DAD27BABB9E00369461 /* DevMobile-iOS-2022 */ = {
			isa = PBXGroup;
			children = (
				6F41AB5227C640BE00649DC6 /* DAO */,
				6F41AAF327BEA18100649DC6 /* Helper */,
				6FCF6DDC27BACD0100369461 /* View */,
				6FCF6DDB27BACCB400369461 /* Intent */,
				6FCF6DDA27BACCA000369461 /* ViewModel */,
				6FCF6DD927BACC9800369461 /* Model */,
				6FCF6DAE27BABB9E00369461 /* DevMobile_iOS_2022App.swift */,
				6FCF6DB027BABB9E00369461 /* ContentView.swift */,
				6FCF6DB227BABB9F00369461 /* Assets.xcassets */,
				6FCF6DB427BABB9F00369461 /* Preview Content */,
			);
			path = "DevMobile-iOS-2022";
			sourceTree = "<group>";
		};
		6FCF6DB427BABB9F00369461 /* Preview Content */ = {
			isa = PBXGroup;
			children = (
				6FCF6DB527BABB9F00369461 /* Preview Assets.xcassets */,
			);
			path = "Preview Content";
			sourceTree = "<group>";
		};
		6FCF6DBE27BABB9F00369461 /* DevMobile-iOS-2022Tests */ = {
			isa = PBXGroup;
			children = (
				6FCF6DBF27BABB9F00369461 /* DevMobile_iOS_2022Tests.swift */,
			);
			path = "DevMobile-iOS-2022Tests";
			sourceTree = "<group>";
		};
		6FCF6DC827BABB9F00369461 /* DevMobile-iOS-2022UITests */ = {
			isa = PBXGroup;
			children = (
				6FCF6DC927BABB9F00369461 /* DevMobile_iOS_2022UITests.swift */,
				6FCF6DCB27BABB9F00369461 /* DevMobile_iOS_2022UITestsLaunchTests.swift */,
			);
			path = "DevMobile-iOS-2022UITests";
			sourceTree = "<group>";
		};
		6FCF6DD927BACC9800369461 /* Model */ = {
			isa = PBXGroup;
			children = (
				6F41AAF627BEA1BE00649DC6 /* Ingredient.swift */,
				6F41AB2427C4CC4800649DC6 /* Sheet.swift */,
				6F41AB3427C50C3800649DC6 /* SheetComplete.swift */,
				6F41AB4827C524BE00649DC6 /* StepProgression.swift */,
				6F41AB5B27C9485600649DC6 /* IngredientProgression.swift */,
				6F41AB7827CD677700649DC6 /* Progression.swift */,
			);
			path = Model;
			sourceTree = "<group>";
		};
		6FCF6DDA27BACCA000369461 /* ViewModel */ = {
			isa = PBXGroup;
			children = (
				6F41AB1827C4C4BF00649DC6 /* IngredientViewModel.swift */,
				6F41AB1A27C4C56A00649DC6 /* IngredientViewDelegate.swift */,
				6F41AB2027C4C6F000649DC6 /* IngredientListViewModel.swift */,
				6F41AB2627C4D10400649DC6 /* SheetIncompleteViewModel.swift */,
				6F41AB2A27C4D1E000649DC6 /* SheetIncompleteViewModelDelegate.swift */,
				6F41AB2C27C4D26C00649DC6 /* SheetIncompleteListViewModel.swift */,
				6F41AB3227C50C1E00649DC6 /* SheetCompleteListViewModel.swift */,
				6F41AB3627C50D1000649DC6 /* SheetCompleteViewModel.swift */,
				6F41AB3A27C50E8200649DC6 /* SheetCompleteViewModelDelegate.swift */,
				6F41AB4A27C5273500649DC6 /* StepProgressionViewModel.swift */,
				6F41AB4E27C52A0500649DC6 /* StepProgressionListViewModel.swift */,
				6F41AB5D27C94AC900649DC6 /* IngredientsProgressionListViewModel.swift */,
				6F41AB5F27C94AF600649DC6 /* IngredientProgressionViewModel.swift */,
				6F41AB6327C94D4E00649DC6 /* IngredientProgressionViewModelDelegate.swift */,
				6F41AB7027CC6BAB00649DC6 /* ProgressionViewModel.swift */,
				6F41AB7A27CD6BE400649DC6 /* ProgressionListViewModel.swift */,
			);
			path = ViewModel;
			sourceTree = "<group>";
		};
		6FCF6DDB27BACCB400369461 /* Intent */ = {
			isa = PBXGroup;
			children = (
				6F41AB1C27C4C5E300649DC6 /* IngredientIntent.swift */,
				6F41AB1E27C4C68F00649DC6 /* IngredientsIntent.swift */,
				6F41AB2827C4D14400649DC6 /* SheetIntent.swift */,
				6F41AB2E27C4D3CE00649DC6 /* SheetListViewIntent.swift */,
				6F41AB3827C50E1A00649DC6 /* SheetCompleteIntent.swift */,
				6F41AB3E27C50FAD00649DC6 /* SheetCompleteListViewIntent.swift */,
				6F41AB4C27C5297300649DC6 /* StepProgressionListIntent.swift */,
				6F41AB6127C94B7E00649DC6 /* IngredientProgressionIntent.swift */,
				6F41AB6627C952C500649DC6 /* IngredientListProgressionIntent.swift */,
				6F41AB6E27CC6B2C00649DC6 /* ProgressionIntent.swift */,
			);
			path = Intent;
			sourceTree = "<group>";
		};
		6FCF6DDC27BACD0100369461 /* View */ = {
			isa = PBXGroup;
			children = (
				6F4E00B327BB13C200BA78AC /* HomeView.swift */,
				6F4E00B527BB15F700BA78AC /* SheetView.swift */,
				6F4E00B727BB165600BA78AC /* MercurialView.swift */,
				6F41AB2227C4C9D600649DC6 /* IngredientView.swift */,
				6F41AB3027C4E1B300649DC6 /* SheetDetailIncompleteView.swift */,
				6F41AB4027C512C700649DC6 /* SheetCompleteDetailView.swift */,
				6F41AB4227C5172300649DC6 /* CreateSheetView.swift */,
				6F41AB4427C520FC00649DC6 /* CreateIngredientView.swift */,
				6F41AB5027C6340800649DC6 /* SheetIncompleteListView.swift */,
				6F41AB5927C87C4100649DC6 /* CreateProgressionView.swift */,
				6F41AB6A27CC5FBB00649DC6 /* EtiquetteSansVenteView.swift */,
				6F41AB6C27CC608D00649DC6 /* CalculCoutsIView.swift */,
				6F41AB7C27CD94FC00649DC6 /* SearchBar.swift */,
				6F41AB7E27CEA00E00649DC6 /* CreateIngredientsListView.swift */,
				6F41AB8227CEB45400649DC6 /* FinishSheetCreationView.swift */,
			);
			path = View;
			sourceTree = "<group>";
		};
/* End PBXGroup section */

/* Begin PBXNativeTarget section */
		6FCF6DAA27BABB9E00369461 /* DevMobile-iOS-2022 */ = {
			isa = PBXNativeTarget;
			buildConfigurationList = 6FCF6DCF27BABB9F00369461 /* Build configuration list for PBXNativeTarget "DevMobile-iOS-2022" */;
			buildPhases = (
				6FCF6DA727BABB9E00369461 /* Sources */,
				6FCF6DA827BABB9E00369461 /* Frameworks */,
				6FCF6DA927BABB9E00369461 /* Resources */,
			);
			buildRules = (
			);
			dependencies = (
			);
			name = "DevMobile-iOS-2022";
			productName = "DevMobile-iOS-2022";
			productReference = 6FCF6DAB27BABB9E00369461 /* DevMobile-iOS-2022.app */;
			productType = "com.apple.product-type.application";
		};
		6FCF6DBA27BABB9F00369461 /* DevMobile-iOS-2022Tests */ = {
			isa = PBXNativeTarget;
			buildConfigurationList = 6FCF6DD227BABB9F00369461 /* Build configuration list for PBXNativeTarget "DevMobile-iOS-2022Tests" */;
			buildPhases = (
				6FCF6DB727BABB9F00369461 /* Sources */,
				6FCF6DB827BABB9F00369461 /* Frameworks */,
				6FCF6DB927BABB9F00369461 /* Resources */,
			);
			buildRules = (
			);
			dependencies = (
				6FCF6DBD27BABB9F00369461 /* PBXTargetDependency */,
			);
			name = "DevMobile-iOS-2022Tests";
			productName = "DevMobile-iOS-2022Tests";
			productReference = 6FCF6DBB27BABB9F00369461 /* DevMobile-iOS-2022Tests.xctest */;
			productType = "com.apple.product-type.bundle.unit-test";
		};
		6FCF6DC427BABB9F00369461 /* DevMobile-iOS-2022UITests */ = {
			isa = PBXNativeTarget;
			buildConfigurationList = 6FCF6DD527BABB9F00369461 /* Build configuration list for PBXNativeTarget "DevMobile-iOS-2022UITests" */;
			buildPhases = (
				6FCF6DC127BABB9F00369461 /* Sources */,
				6FCF6DC227BABB9F00369461 /* Frameworks */,
				6FCF6DC327BABB9F00369461 /* Resources */,
			);
			buildRules = (
			);
			dependencies = (
				6FCF6DC727BABB9F00369461 /* PBXTargetDependency */,
			);
			name = "DevMobile-iOS-2022UITests";
			productName = "DevMobile-iOS-2022UITests";
			productReference = 6FCF6DC527BABB9F00369461 /* DevMobile-iOS-2022UITests.xctest */;
			productType = "com.apple.product-type.bundle.ui-testing";
		};
/* End PBXNativeTarget section */

/* Begin PBXProject section */
		6FCF6DA327BABB9E00369461 /* Project object */ = {
			isa = PBXProject;
			attributes = {
				BuildIndependentTargetsInParallel = 1;
				LastSwiftUpdateCheck = 1310;
				LastUpgradeCheck = 1310;
				TargetAttributes = {
					6FCF6DAA27BABB9E00369461 = {
						CreatedOnToolsVersion = 13.1;
					};
					6FCF6DBA27BABB9F00369461 = {
						CreatedOnToolsVersion = 13.1;
						TestTargetID = 6FCF6DAA27BABB9E00369461;
					};
					6FCF6DC427BABB9F00369461 = {
						CreatedOnToolsVersion = 13.1;
						TestTargetID = 6FCF6DAA27BABB9E00369461;
					};
				};
			};
			buildConfigurationList = 6FCF6DA627BABB9E00369461 /* Build configuration list for PBXProject "DevMobile-iOS-2022" */;
			compatibilityVersion = "Xcode 13.0";
			developmentRegion = en;
			hasScannedForEncodings = 0;
			knownRegions = (
				en,
				Base,
			);
			mainGroup = 6FCF6DA227BABB9E00369461;
			productRefGroup = 6FCF6DAC27BABB9E00369461 /* Products */;
			projectDirPath = "";
			projectRoot = "";
			targets = (
				6FCF6DAA27BABB9E00369461 /* DevMobile-iOS-2022 */,
				6FCF6DBA27BABB9F00369461 /* DevMobile-iOS-2022Tests */,
				6FCF6DC427BABB9F00369461 /* DevMobile-iOS-2022UITests */,
			);
		};
/* End PBXProject section */

/* Begin PBXResourcesBuildPhase section */
		6FCF6DA927BABB9E00369461 /* Resources */ = {
			isa = PBXResourcesBuildPhase;
			buildActionMask = 2147483647;
			files = (
				6FCF6DB627BABB9F00369461 /* Preview Assets.xcassets in Resources */,
				6FCF6DB327BABB9F00369461 /* Assets.xcassets in Resources */,
			);
			runOnlyForDeploymentPostprocessing = 0;
		};
		6FCF6DB927BABB9F00369461 /* Resources */ = {
			isa = PBXResourcesBuildPhase;
			buildActionMask = 2147483647;
			files = (
			);
			runOnlyForDeploymentPostprocessing = 0;
		};
		6FCF6DC327BABB9F00369461 /* Resources */ = {
			isa = PBXResourcesBuildPhase;
			buildActionMask = 2147483647;
			files = (
			);
			runOnlyForDeploymentPostprocessing = 0;
		};
/* End PBXResourcesBuildPhase section */

/* Begin PBXSourcesBuildPhase section */
		6FCF6DA727BABB9E00369461 /* Sources */ = {
			isa = PBXSourcesBuildPhase;
			buildActionMask = 2147483647;
			files = (
				6F41AB8327CEB45400649DC6 /* FinishSheetCreationView.swift in Sources */,
				6F41AB3927C50E1A00649DC6 /* SheetCompleteIntent.swift in Sources */,
				6F41AB4927C524BE00649DC6 /* StepProgression.swift in Sources */,
				6F41AB4527C520FC00649DC6 /* CreateIngredientView.swift in Sources */,
				6F41AB2527C4CC4800649DC6 /* Sheet.swift in Sources */,
				6F41AB1927C4C4BF00649DC6 /* IngredientViewModel.swift in Sources */,
				6F4E00B427BB13C200BA78AC /* HomeView.swift in Sources */,
				6F41AB5C27C9485600649DC6 /* IngredientProgression.swift in Sources */,
				6F41AB2127C4C6F000649DC6 /* IngredientListViewModel.swift in Sources */,
				6F41AB2727C4D10400649DC6 /* SheetIncompleteViewModel.swift in Sources */,
				6F41AB1B27C4C56A00649DC6 /* IngredientViewDelegate.swift in Sources */,
				6FCF6DB127BABB9E00369461 /* ContentView.swift in Sources */,
				6F41AB6027C94AF600649DC6 /* IngredientProgressionViewModel.swift in Sources */,
				6F41AB7127CC6BAB00649DC6 /* ProgressionViewModel.swift in Sources */,
				6F41AB2F27C4D3CE00649DC6 /* SheetListViewIntent.swift in Sources */,
				6F41AB1F27C4C68F00649DC6 /* IngredientsIntent.swift in Sources */,
				6F41AB3327C50C1E00649DC6 /* SheetCompleteListViewModel.swift in Sources */,
				6F41AB3527C50C3800649DC6 /* SheetComplete.swift in Sources */,
				6F41AB4B27C5273500649DC6 /* StepProgressionViewModel.swift in Sources */,
				6F41AAF727BEA1BE00649DC6 /* Ingredient.swift in Sources */,
				6F41AB5127C6340800649DC6 /* SheetIncompleteListView.swift in Sources */,
				6F41AB5A27C87C4100649DC6 /* CreateProgressionView.swift in Sources */,
				6F41AB2927C4D14400649DC6 /* SheetIntent.swift in Sources */,
				6F4E00B627BB15F700BA78AC /* SheetView.swift in Sources */,
				6F41AB2B27C4D1E000649DC6 /* SheetIncompleteViewModelDelegate.swift in Sources */,
				6F41AB4327C5172300649DC6 /* CreateSheetView.swift in Sources */,
				6F41AB6B27CC5FBB00649DC6 /* EtiquetteSansVenteView.swift in Sources */,
				6F41AB6927CBED9600649DC6 /* PDFHelper.swift in Sources */,
				6F41AB8127CEAC8600649DC6 /* IngredientsListStepDAO.swift in Sources */,
				6F41AB6727C952C500649DC6 /* IngredientListProgressionIntent.swift in Sources */,
				6F41AB4F27C52A0500649DC6 /* StepProgressionListViewModel.swift in Sources */,
				6F41AB5E27C94AC900649DC6 /* IngredientsProgressionListViewModel.swift in Sources */,
				6F41AB6227C94B7E00649DC6 /* IngredientProgressionIntent.swift in Sources */,
				6F41AB7727CD56CA00649DC6 /* StepDAO.swift in Sources */,
				6F41AB7B27CD6BE400649DC6 /* ProgressionListViewModel.swift in Sources */,
				6F41AB6D27CC608D00649DC6 /* CalculCoutsIView.swift in Sources */,
				6F41AB5427C640D700649DC6 /* SheetDAO.swift in Sources */,
				6F41AB3F27C50FAD00649DC6 /* SheetCompleteListViewIntent.swift in Sources */,
				6F41AB6427C94D4E00649DC6 /* IngredientProgressionViewModelDelegate.swift in Sources */,
				6F41AB3727C50D1000649DC6 /* SheetCompleteViewModel.swift in Sources */,
				6F41AAF927BEE10800649DC6 /* APIHelper.swift in Sources */,
				6F41AB7D27CD94FC00649DC6 /* SearchBar.swift in Sources */,
				6F41AB2D27C4D26C00649DC6 /* SheetIncompleteListViewModel.swift in Sources */,
				6F41AB6F27CC6B2C00649DC6 /* ProgressionIntent.swift in Sources */,
				6F41AB4127C512C700649DC6 /* SheetCompleteDetailView.swift in Sources */,
				6F41AB7927CD677700649DC6 /* Progression.swift in Sources */,
				6F41AB7527CC743E00649DC6 /* ProgressionDAO.swift in Sources */,
				6F41AB1D27C4C5E300649DC6 /* IngredientIntent.swift in Sources */,
				6F41AB2327C4C9D600649DC6 /* IngredientView.swift in Sources */,
				6FCF6DAF27BABB9E00369461 /* DevMobile_iOS_2022App.swift in Sources */,
				6F41AB3B27C50E8200649DC6 /* SheetCompleteViewModelDelegate.swift in Sources */,
				6F4E00B827BB165600BA78AC /* MercurialView.swift in Sources */,
				6F41AB7F27CEA00E00649DC6 /* CreateIngredientsListView.swift in Sources */,
				6F41AB3127C4E1B300649DC6 /* SheetDetailIncompleteView.swift in Sources */,
				6F41AB4D27C5297300649DC6 /* StepProgressionListIntent.swift in Sources */,
			);
			runOnlyForDeploymentPostprocessing = 0;
		};
		6FCF6DB727BABB9F00369461 /* Sources */ = {
			isa = PBXSourcesBuildPhase;
			buildActionMask = 2147483647;
			files = (
				6FCF6DC027BABB9F00369461 /* DevMobile_iOS_2022Tests.swift in Sources */,
			);
			runOnlyForDeploymentPostprocessing = 0;
		};
		6FCF6DC127BABB9F00369461 /* Sources */ = {
			isa = PBXSourcesBuildPhase;
			buildActionMask = 2147483647;
			files = (
				6FCF6DCC27BABB9F00369461 /* DevMobile_iOS_2022UITestsLaunchTests.swift in Sources */,
				6FCF6DCA27BABB9F00369461 /* DevMobile_iOS_2022UITests.swift in Sources */,
			);
			runOnlyForDeploymentPostprocessing = 0;
		};
/* End PBXSourcesBuildPhase section */

/* Begin PBXTargetDependency section */
		6FCF6DBD27BABB9F00369461 /* PBXTargetDependency */ = {
			isa = PBXTargetDependency;
			target = 6FCF6DAA27BABB9E00369461 /* DevMobile-iOS-2022 */;
			targetProxy = 6FCF6DBC27BABB9F00369461 /* PBXContainerItemProxy */;
		};
		6FCF6DC727BABB9F00369461 /* PBXTargetDependency */ = {
			isa = PBXTargetDependency;
			target = 6FCF6DAA27BABB9E00369461 /* DevMobile-iOS-2022 */;
			targetProxy = 6FCF6DC627BABB9F00369461 /* PBXContainerItemProxy */;
		};
/* End PBXTargetDependency section */

/* Begin XCBuildConfiguration section */
		6FCF6DCD27BABB9F00369461 /* Debug */ = {
			isa = XCBuildConfiguration;
			buildSettings = {
				ALWAYS_SEARCH_USER_PATHS = NO;
				CLANG_ANALYZER_NONNULL = YES;
				CLANG_ANALYZER_NUMBER_OBJECT_CONVERSION = YES_AGGRESSIVE;
				CLANG_CXX_LANGUAGE_STANDARD = "gnu++17";
				CLANG_CXX_LIBRARY = "libc++";
				CLANG_ENABLE_MODULES = YES;
				CLANG_ENABLE_OBJC_ARC = YES;
				CLANG_ENABLE_OBJC_WEAK = YES;
				CLANG_WARN_BLOCK_CAPTURE_AUTORELEASING = YES;
				CLANG_WARN_BOOL_CONVERSION = YES;
				CLANG_WARN_COMMA = YES;
				CLANG_WARN_CONSTANT_CONVERSION = YES;
				CLANG_WARN_DEPRECATED_OBJC_IMPLEMENTATIONS = YES;
				CLANG_WARN_DIRECT_OBJC_ISA_USAGE = YES_ERROR;
				CLANG_WARN_DOCUMENTATION_COMMENTS = YES;
				CLANG_WARN_EMPTY_BODY = YES;
				CLANG_WARN_ENUM_CONVERSION = YES;
				CLANG_WARN_INFINITE_RECURSION = YES;
				CLANG_WARN_INT_CONVERSION = YES;
				CLANG_WARN_NON_LITERAL_NULL_CONVERSION = YES;
				CLANG_WARN_OBJC_IMPLICIT_RETAIN_SELF = YES;
				CLANG_WARN_OBJC_LITERAL_CONVERSION = YES;
				CLANG_WARN_OBJC_ROOT_CLASS = YES_ERROR;
				CLANG_WARN_QUOTED_INCLUDE_IN_FRAMEWORK_HEADER = YES;
				CLANG_WARN_RANGE_LOOP_ANALYSIS = YES;
				CLANG_WARN_STRICT_PROTOTYPES = YES;
				CLANG_WARN_SUSPICIOUS_MOVE = YES;
				CLANG_WARN_UNGUARDED_AVAILABILITY = YES_AGGRESSIVE;
				CLANG_WARN_UNREACHABLE_CODE = YES;
				CLANG_WARN__DUPLICATE_METHOD_MATCH = YES;
				COPY_PHASE_STRIP = NO;
				DEBUG_INFORMATION_FORMAT = dwarf;
				ENABLE_STRICT_OBJC_MSGSEND = YES;
				ENABLE_TESTABILITY = YES;
				GCC_C_LANGUAGE_STANDARD = gnu11;
				GCC_DYNAMIC_NO_PIC = NO;
				GCC_NO_COMMON_BLOCKS = YES;
				GCC_OPTIMIZATION_LEVEL = 0;
				GCC_PREPROCESSOR_DEFINITIONS = (
					"DEBUG=1",
					"$(inherited)",
				);
				GCC_WARN_64_TO_32_BIT_CONVERSION = YES;
				GCC_WARN_ABOUT_RETURN_TYPE = YES_ERROR;
				GCC_WARN_UNDECLARED_SELECTOR = YES;
				GCC_WARN_UNINITIALIZED_AUTOS = YES_AGGRESSIVE;
				GCC_WARN_UNUSED_FUNCTION = YES;
				GCC_WARN_UNUSED_VARIABLE = YES;
				IPHONEOS_DEPLOYMENT_TARGET = 15.0;
				MTL_ENABLE_DEBUG_INFO = INCLUDE_SOURCE;
				MTL_FAST_MATH = YES;
				ONLY_ACTIVE_ARCH = YES;
				SDKROOT = iphoneos;
				SWIFT_ACTIVE_COMPILATION_CONDITIONS = DEBUG;
				SWIFT_OPTIMIZATION_LEVEL = "-Onone";
			};
			name = Debug;
		};
		6FCF6DCE27BABB9F00369461 /* Release */ = {
			isa = XCBuildConfiguration;
			buildSettings = {
				ALWAYS_SEARCH_USER_PATHS = NO;
				CLANG_ANALYZER_NONNULL = YES;
				CLANG_ANALYZER_NUMBER_OBJECT_CONVERSION = YES_AGGRESSIVE;
				CLANG_CXX_LANGUAGE_STANDARD = "gnu++17";
				CLANG_CXX_LIBRARY = "libc++";
				CLANG_ENABLE_MODULES = YES;
				CLANG_ENABLE_OBJC_ARC = YES;
				CLANG_ENABLE_OBJC_WEAK = YES;
				CLANG_WARN_BLOCK_CAPTURE_AUTORELEASING = YES;
				CLANG_WARN_BOOL_CONVERSION = YES;
				CLANG_WARN_COMMA = YES;
				CLANG_WARN_CONSTANT_CONVERSION = YES;
				CLANG_WARN_DEPRECATED_OBJC_IMPLEMENTATIONS = YES;
				CLANG_WARN_DIRECT_OBJC_ISA_USAGE = YES_ERROR;
				CLANG_WARN_DOCUMENTATION_COMMENTS = YES;
				CLANG_WARN_EMPTY_BODY = YES;
				CLANG_WARN_ENUM_CONVERSION = YES;
				CLANG_WARN_INFINITE_RECURSION = YES;
				CLANG_WARN_INT_CONVERSION = YES;
				CLANG_WARN_NON_LITERAL_NULL_CONVERSION = YES;
				CLANG_WARN_OBJC_IMPLICIT_RETAIN_SELF = YES;
				CLANG_WARN_OBJC_LITERAL_CONVERSION = YES;
				CLANG_WARN_OBJC_ROOT_CLASS = YES_ERROR;
				CLANG_WARN_QUOTED_INCLUDE_IN_FRAMEWORK_HEADER = YES;
				CLANG_WARN_RANGE_LOOP_ANALYSIS = YES;
				CLANG_WARN_STRICT_PROTOTYPES = YES;
				CLANG_WARN_SUSPICIOUS_MOVE = YES;
				CLANG_WARN_UNGUARDED_AVAILABILITY = YES_AGGRESSIVE;
				CLANG_WARN_UNREACHABLE_CODE = YES;
				CLANG_WARN__DUPLICATE_METHOD_MATCH = YES;
				COPY_PHASE_STRIP = NO;
				DEBUG_INFORMATION_FORMAT = "dwarf-with-dsym";
				ENABLE_NS_ASSERTIONS = NO;
				ENABLE_STRICT_OBJC_MSGSEND = YES;
				GCC_C_LANGUAGE_STANDARD = gnu11;
				GCC_NO_COMMON_BLOCKS = YES;
				GCC_WARN_64_TO_32_BIT_CONVERSION = YES;
				GCC_WARN_ABOUT_RETURN_TYPE = YES_ERROR;
				GCC_WARN_UNDECLARED_SELECTOR = YES;
				GCC_WARN_UNINITIALIZED_AUTOS = YES_AGGRESSIVE;
				GCC_WARN_UNUSED_FUNCTION = YES;
				GCC_WARN_UNUSED_VARIABLE = YES;
				IPHONEOS_DEPLOYMENT_TARGET = 15.0;
				MTL_ENABLE_DEBUG_INFO = NO;
				MTL_FAST_MATH = YES;
				SDKROOT = iphoneos;
				SWIFT_COMPILATION_MODE = wholemodule;
				SWIFT_OPTIMIZATION_LEVEL = "-O";
				VALIDATE_PRODUCT = YES;
			};
			name = Release;
		};
		6FCF6DD027BABB9F00369461 /* Debug */ = {
			isa = XCBuildConfiguration;
			buildSettings = {
				ASSETCATALOG_COMPILER_APPICON_NAME = AppIcon;
				ASSETCATALOG_COMPILER_GLOBAL_ACCENT_COLOR_NAME = AccentColor;
				CODE_SIGN_STYLE = Automatic;
				CURRENT_PROJECT_VERSION = 1;
				DEVELOPMENT_ASSET_PATHS = "\"DevMobile-iOS-2022/Preview Content\"";
				ENABLE_PREVIEWS = YES;
				GENERATE_INFOPLIST_FILE = YES;
				INFOPLIST_KEY_UIApplicationSceneManifest_Generation = YES;
				INFOPLIST_KEY_UIApplicationSupportsIndirectInputEvents = YES;
				INFOPLIST_KEY_UILaunchScreen_Generation = YES;
				INFOPLIST_KEY_UISupportedInterfaceOrientations_iPad = "UIInterfaceOrientationPortrait UIInterfaceOrientationPortraitUpsideDown UIInterfaceOrientationLandscapeLeft UIInterfaceOrientationLandscapeRight";
				INFOPLIST_KEY_UISupportedInterfaceOrientations_iPhone = "UIInterfaceOrientationPortrait UIInterfaceOrientationLandscapeLeft UIInterfaceOrientationLandscapeRight";
				LD_RUNPATH_SEARCH_PATHS = (
					"$(inherited)",
					"@executable_path/Frameworks",
				);
				MARKETING_VERSION = 1.0;
				PRODUCT_BUNDLE_IDENTIFIER = "ig.DevMobile-iOS-2022";
				PRODUCT_NAME = "$(TARGET_NAME)";
				SWIFT_EMIT_LOC_STRINGS = YES;
				SWIFT_VERSION = 5.0;
				TARGETED_DEVICE_FAMILY = "1,2";
			};
			name = Debug;
		};
		6FCF6DD127BABB9F00369461 /* Release */ = {
			isa = XCBuildConfiguration;
			buildSettings = {
				ASSETCATALOG_COMPILER_APPICON_NAME = AppIcon;
				ASSETCATALOG_COMPILER_GLOBAL_ACCENT_COLOR_NAME = AccentColor;
				CODE_SIGN_STYLE = Automatic;
				CURRENT_PROJECT_VERSION = 1;
				DEVELOPMENT_ASSET_PATHS = "\"DevMobile-iOS-2022/Preview Content\"";
				ENABLE_PREVIEWS = YES;
				GENERATE_INFOPLIST_FILE = YES;
				INFOPLIST_KEY_UIApplicationSceneManifest_Generation = YES;
				INFOPLIST_KEY_UIApplicationSupportsIndirectInputEvents = YES;
				INFOPLIST_KEY_UILaunchScreen_Generation = YES;
				INFOPLIST_KEY_UISupportedInterfaceOrientations_iPad = "UIInterfaceOrientationPortrait UIInterfaceOrientationPortraitUpsideDown UIInterfaceOrientationLandscapeLeft UIInterfaceOrientationLandscapeRight";
				INFOPLIST_KEY_UISupportedInterfaceOrientations_iPhone = "UIInterfaceOrientationPortrait UIInterfaceOrientationLandscapeLeft UIInterfaceOrientationLandscapeRight";
				LD_RUNPATH_SEARCH_PATHS = (
					"$(inherited)",
					"@executable_path/Frameworks",
				);
				MARKETING_VERSION = 1.0;
				PRODUCT_BUNDLE_IDENTIFIER = "ig.DevMobile-iOS-2022";
				PRODUCT_NAME = "$(TARGET_NAME)";
				SWIFT_EMIT_LOC_STRINGS = YES;
				SWIFT_VERSION = 5.0;
				TARGETED_DEVICE_FAMILY = "1,2";
			};
			name = Release;
		};
		6FCF6DD327BABB9F00369461 /* Debug */ = {
			isa = XCBuildConfiguration;
			buildSettings = {
				ALWAYS_EMBED_SWIFT_STANDARD_LIBRARIES = YES;
				BUNDLE_LOADER = "$(TEST_HOST)";
				CODE_SIGN_STYLE = Automatic;
				CURRENT_PROJECT_VERSION = 1;
				GENERATE_INFOPLIST_FILE = YES;
				IPHONEOS_DEPLOYMENT_TARGET = 15.0;
				LD_RUNPATH_SEARCH_PATHS = (
					"$(inherited)",
					"@executable_path/Frameworks",
					"@loader_path/Frameworks",
				);
				MARKETING_VERSION = 1.0;
				PRODUCT_BUNDLE_IDENTIFIER = "ig.DevMobile-iOS-2022Tests";
				PRODUCT_NAME = "$(TARGET_NAME)";
				SWIFT_EMIT_LOC_STRINGS = NO;
				SWIFT_VERSION = 5.0;
				TARGETED_DEVICE_FAMILY = "1,2";
				TEST_HOST = "$(BUILT_PRODUCTS_DIR)/DevMobile-iOS-2022.app/DevMobile-iOS-2022";
			};
			name = Debug;
		};
		6FCF6DD427BABB9F00369461 /* Release */ = {
			isa = XCBuildConfiguration;
			buildSettings = {
				ALWAYS_EMBED_SWIFT_STANDARD_LIBRARIES = YES;
				BUNDLE_LOADER = "$(TEST_HOST)";
				CODE_SIGN_STYLE = Automatic;
				CURRENT_PROJECT_VERSION = 1;
				GENERATE_INFOPLIST_FILE = YES;
				IPHONEOS_DEPLOYMENT_TARGET = 15.0;
				LD_RUNPATH_SEARCH_PATHS = (
					"$(inherited)",
					"@executable_path/Frameworks",
					"@loader_path/Frameworks",
				);
				MARKETING_VERSION = 1.0;
				PRODUCT_BUNDLE_IDENTIFIER = "ig.DevMobile-iOS-2022Tests";
				PRODUCT_NAME = "$(TARGET_NAME)";
				SWIFT_EMIT_LOC_STRINGS = NO;
				SWIFT_VERSION = 5.0;
				TARGETED_DEVICE_FAMILY = "1,2";
				TEST_HOST = "$(BUILT_PRODUCTS_DIR)/DevMobile-iOS-2022.app/DevMobile-iOS-2022";
			};
			name = Release;
		};
		6FCF6DD627BABB9F00369461 /* Debug */ = {
			isa = XCBuildConfiguration;
			buildSettings = {
				ALWAYS_EMBED_SWIFT_STANDARD_LIBRARIES = YES;
				CODE_SIGN_STYLE = Automatic;
				CURRENT_PROJECT_VERSION = 1;
				GENERATE_INFOPLIST_FILE = YES;
				LD_RUNPATH_SEARCH_PATHS = (
					"$(inherited)",
					"@executable_path/Frameworks",
					"@loader_path/Frameworks",
				);
				MARKETING_VERSION = 1.0;
				PRODUCT_BUNDLE_IDENTIFIER = "ig.DevMobile-iOS-2022UITests";
				PRODUCT_NAME = "$(TARGET_NAME)";
				SWIFT_EMIT_LOC_STRINGS = NO;
				SWIFT_VERSION = 5.0;
				TARGETED_DEVICE_FAMILY = "1,2";
				TEST_TARGET_NAME = "DevMobile-iOS-2022";
			};
			name = Debug;
		};
		6FCF6DD727BABB9F00369461 /* Release */ = {
			isa = XCBuildConfiguration;
			buildSettings = {
				ALWAYS_EMBED_SWIFT_STANDARD_LIBRARIES = YES;
				CODE_SIGN_STYLE = Automatic;
				CURRENT_PROJECT_VERSION = 1;
				GENERATE_INFOPLIST_FILE = YES;
				LD_RUNPATH_SEARCH_PATHS = (
					"$(inherited)",
					"@executable_path/Frameworks",
					"@loader_path/Frameworks",
				);
				MARKETING_VERSION = 1.0;
				PRODUCT_BUNDLE_IDENTIFIER = "ig.DevMobile-iOS-2022UITests";
				PRODUCT_NAME = "$(TARGET_NAME)";
				SWIFT_EMIT_LOC_STRINGS = NO;
				SWIFT_VERSION = 5.0;
				TARGETED_DEVICE_FAMILY = "1,2";
				TEST_TARGET_NAME = "DevMobile-iOS-2022";
			};
			name = Release;
		};
/* End XCBuildConfiguration section */

/* Begin XCConfigurationList section */
		6FCF6DA627BABB9E00369461 /* Build configuration list for PBXProject "DevMobile-iOS-2022" */ = {
			isa = XCConfigurationList;
			buildConfigurations = (
				6FCF6DCD27BABB9F00369461 /* Debug */,
				6FCF6DCE27BABB9F00369461 /* Release */,
			);
			defaultConfigurationIsVisible = 0;
			defaultConfigurationName = Release;
		};
		6FCF6DCF27BABB9F00369461 /* Build configuration list for PBXNativeTarget "DevMobile-iOS-2022" */ = {
			isa = XCConfigurationList;
			buildConfigurations = (
				6FCF6DD027BABB9F00369461 /* Debug */,
				6FCF6DD127BABB9F00369461 /* Release */,
			);
			defaultConfigurationIsVisible = 0;
			defaultConfigurationName = Release;
		};
		6FCF6DD227BABB9F00369461 /* Build configuration list for PBXNativeTarget "DevMobile-iOS-2022Tests" */ = {
			isa = XCConfigurationList;
			buildConfigurations = (
				6FCF6DD327BABB9F00369461 /* Debug */,
				6FCF6DD427BABB9F00369461 /* Release */,
			);
			defaultConfigurationIsVisible = 0;
			defaultConfigurationName = Release;
		};
		6FCF6DD527BABB9F00369461 /* Build configuration list for PBXNativeTarget "DevMobile-iOS-2022UITests" */ = {
			isa = XCConfigurationList;
			buildConfigurations = (
				6FCF6DD627BABB9F00369461 /* Debug */,
				6FCF6DD727BABB9F00369461 /* Release */,
			);
			defaultConfigurationIsVisible = 0;
			defaultConfigurationName = Release;
		};
/* End XCConfigurationList section */
	};
	rootObject = 6FCF6DA327BABB9E00369461 /* Project object */;
}
